
Microsoft Visual Studio Solution File, Format Version 12.00
# Visual Studio Version 17
VisualStudioVersion = 17.1.32228.430
MinimumVisualStudioVersion = 10.0.40219.1
Project("{FAE04EC0-301F-11D3-BF4B-00C04F79EFBC}") = "HangfireExapleApp", "HangfireExapleApp\HangfireExapleApp.csproj", "{CC076E1A-2F4F-41AB-9F3C-7E8D323916EC}"
EndProject
Global
	GlobalSection(SolutionConfigurationPlatforms) = preSolution
		Debug|Any CPU = Debug|Any CPU
		Release|Any CPU = Release|Any CPU
	EndGlobalSection
	GlobalSection(ProjectConfigurationPlatforms) = postSolution
		{CC076E1A-2F4F-41AB-9F3C-7E8D323916EC}.Debug|Any CPU.ActiveCfg = Debug|Any CPU
		{CC076E1A-2F4F-41AB-9F3C-7E8D323916EC}.Debug|Any CPU.Build.0 = Debug|Any CPU
		{CC076E1A-2F4F-41AB-9F3C-7E8D323916EC}.Release|Any CPU.ActiveCfg = Release|Any CPU
		{CC076E1A-2F4F-41AB-9F3C-7E8D323916EC}.Release|Any CPU.Build.0 = Release|Any CPU
	EndGlobalSection
	GlobalSection(SolutionProperties) = preSolution
		HideSolutionNode = FALSE
	EndGlobalSection
	GlobalSection(ExtensibilityGlobals) = postSolution
		SolutionGuid = {396C365C-0891-4BF5-A392-EC7448498E92}
	EndGlobalSection
EndGlobal
